
Microsoft Visual Studio Solution File, Format Version 12.00
# Visual Studio Version 16
VisualStudioVersion = 16.0.31624.102
MinimumVisualStudioVersion = 10.0.40219.1
Project("{9A19103F-16F7-4668-BE54-9A1E7A4F7556}") = "WebApi", "WebApi\WebApi.csproj", "{C19686A4-9CFF-4719-8C65-0C268478990F}"
EndProject
Project("{FAE04EC0-301F-11D3-BF4B-00C04F79EFBC}") = "ConsumeApi", "ConsumeApi\ConsumeApi.csproj", "{BDB0C951-B296-4787-8DC1-86E7771FC771}"
EndProject
Global
	GlobalSection(SolutionConfigurationPlatforms) = preSolution
		Debug|Any CPU = Debug|Any CPU
		Release|Any CPU = Release|Any CPU
	EndGlobalSection
	GlobalSection(ProjectConfigurationPlatforms) = postSolution
		{C19686A4-9CFF-4719-8C65-0C268478990F}.Debug|Any CPU.ActiveCfg = Debug|Any CPU
		{C19686A4-9CFF-4719-8C65-0C268478990F}.Debug|Any CPU.Build.0 = Debug|Any CPU
		{C19686A4-9CFF-4719-8C65-0C268478990F}.Release|Any CPU.ActiveCfg = Release|Any CPU
		{C19686A4-9CFF-4719-8C65-0C268478990F}.Release|Any CPU.Build.0 = Release|Any CPU
		{BDB0C951-B296-4787-8DC1-86E7771FC771}.Debug|Any CPU.ActiveCfg = Debug|Any CPU
		{BDB0C951-B296-4787-8DC1-86E7771FC771}.Debug|Any CPU.Build.0 = Debug|Any CPU
		{BDB0C951-B296-4787-8DC1-86E7771FC771}.Release|Any CPU.ActiveCfg = Release|Any CPU
		{BDB0C951-B296-4787-8DC1-86E7771FC771}.Release|Any CPU.Build.0 = Release|Any CPU
	EndGlobalSection
	GlobalSection(SolutionProperties) = preSolution
		HideSolutionNode = FALSE
	EndGlobalSection
	GlobalSection(ExtensibilityGlobals) = postSolution
		SolutionGuid = {5D456B61-49C1-4C45-8DF3-0D94499E2C16}
	EndGlobalSection
EndGlobal
